
Microsoft Visual Studio Solution File, Format Version 12.00
# Visual Studio 15
VisualStudioVersion = 15.0.28307.757
MinimumVisualStudioVersion = 10.0.40219.1
Project("{FAE04EC0-301F-11D3-BF4B-00C04F79EFBC}") = "SimpleWebAPI", "SimpleWebAPI\SimpleWebAPI.csproj", "{A3B0E707-A6AF-4511-9EC5-90562E29868C}"
EndProject
Project("{FAE04EC0-301F-11D3-BF4B-00C04F79EFBC}") = "SimpleWebAPI.Tests", "SimpleWebAPI.Tests\SimpleWebAPI.Tests.csproj", "{240FCB94-56F2-4AAD-BF95-A92586652CD1}"
EndProject
Global
	GlobalSection(SolutionConfigurationPlatforms) = preSolution
		Debug|Any CPU = Debug|Any CPU
		Release|Any CPU = Release|Any CPU
	EndGlobalSection
	GlobalSection(ProjectConfigurationPlatforms) = postSolution
		{A3B0E707-A6AF-4511-9EC5-90562E29868C}.Debug|Any CPU.ActiveCfg = Debug|Any CPU
		{A3B0E707-A6AF-4511-9EC5-90562E29868C}.Debug|Any CPU.Build.0 = Debug|Any CPU
		{A3B0E707-A6AF-4511-9EC5-90562E29868C}.Release|Any CPU.ActiveCfg = Release|Any CPU
		{A3B0E707-A6AF-4511-9EC5-90562E29868C}.Release|Any CPU.Build.0 = Release|Any CPU
		{240FCB94-56F2-4AAD-BF95-A92586652CD1}.Debug|Any CPU.ActiveCfg = Debug|Any CPU
		{240FCB94-56F2-4AAD-BF95-A92586652CD1}.Debug|Any CPU.Build.0 = Debug|Any CPU
		{240FCB94-56F2-4AAD-BF95-A92586652CD1}.Release|Any CPU.ActiveCfg = Release|Any CPU
		{240FCB94-56F2-4AAD-BF95-A92586652CD1}.Release|Any CPU.Build.0 = Release|Any CPU
	EndGlobalSection
	GlobalSection(SolutionProperties) = preSolution
		HideSolutionNode = FALSE
	EndGlobalSection
	GlobalSection(ExtensibilityGlobals) = postSolution
		SolutionGuid = {D3B83092-DEAF-4539-87CE-BD3F12D447E9}
	EndGlobalSection
EndGlobal
